
Microsoft Visual Studio Solution File, Format Version 12.00
# Visual Studio Version 16
VisualStudioVersion = 16.0.29613.14
MinimumVisualStudioVersion = 10.0.40219.1
Project("{FAE04EC0-301F-11D3-BF4B-00C04F79EFBC}") = "EmirhanTugal", "EmirhanTugal\EmirhanTugal.csproj", "{4B7004FC-30E8-49AD-9987-8984A2EDA0FA}"
EndProject
Global
	GlobalSection(SolutionConfigurationPlatforms) = preSolution
		Debug|Any CPU = Debug|Any CPU
		Release|Any CPU = Release|Any CPU
	EndGlobalSection
	GlobalSection(ProjectConfigurationPlatforms) = postSolution
		{4B7004FC-30E8-49AD-9987-8984A2EDA0FA}.Debug|Any CPU.ActiveCfg = Debug|Any CPU
		{4B7004FC-30E8-49AD-9987-8984A2EDA0FA}.Debug|Any CPU.Build.0 = Debug|Any CPU
		{4B7004FC-30E8-49AD-9987-8984A2EDA0FA}.Release|Any CPU.ActiveCfg = Release|Any CPU
		{4B7004FC-30E8-49AD-9987-8984A2EDA0FA}.Release|Any CPU.Build.0 = Release|Any CPU
	EndGlobalSection
	GlobalSection(SolutionProperties) = preSolution
		HideSolutionNode = FALSE
	EndGlobalSection
	GlobalSection(ExtensibilityGlobals) = postSolution
		SolutionGuid = {0C195D1A-1CF9-40C8-AAE6-BF7CA4B42ABD}
	EndGlobalSection
EndGlobal
